
Microsoft Visual Studio Solution File, Format Version 12.00
# Visual Studio Version 17
VisualStudioVersion = 17.12.35707.178 d17.12
MinimumVisualStudioVersion = 10.0.40219.1
Project("{D2ABAB84-BF74-430A-B69E-9DC6D40DDA17}") = "ChinookDW_SSAS", "ChinookDW_SSAS\ChinookDW_SSAS.dwproj", "{228850C8-7AD4-4209-B2DD-6AB3CCDD0039}"
EndProject
Global
	GlobalSection(SolutionConfigurationPlatforms) = preSolution
		Development|Default = Development|Default
	EndGlobalSection
	GlobalSection(ProjectConfigurationPlatforms) = postSolution
		{228850C8-7AD4-4209-B2DD-6AB3CCDD0039}.Development|Default.ActiveCfg = Development
		{228850C8-7AD4-4209-B2DD-6AB3CCDD0039}.Development|Default.Build.0 = Development
		{228850C8-7AD4-4209-B2DD-6AB3CCDD0039}.Development|Default.Deploy.0 = Development
	EndGlobalSection
	GlobalSection(SolutionProperties) = preSolution
		HideSolutionNode = FALSE
	EndGlobalSection
EndGlobal
